// !$*UTF8*$!
{
	archiveVersion = 1;
	classes = {
	};
	objectVersion = 46;
	objects = {

/* Begin PBXBuildFile section */
		D71873AB1D0A994200953C64 /* Movie.m4v in Resources */ = {isa = PBXBuildFile; fileRef = D71873AA1D0A994200953C64 /* Movie.m4v */; };
		D7C521B81D0846CE00DCBF04 /* AppDelegate.swift in Sources */ = {isa = PBXBuildFile; fileRef = D7C521B71D0846CE00DCBF04 /* AppDelegate.swift */; };
		D7C521BA1D0846CE00DCBF04 /* ViewController.swift in Sources */ = {isa = PBXBuildFile; fileRef = D7C521B91D0846CE00DCBF04 /* ViewController.swift */; };
		D7C521BD1D0846CE00DCBF04 /* Main.storyboard in Resources */ = {isa = PBXBuildFile; fileRef = D7C521BB1D0846CE00DCBF04 /* Main.storyboard */; };
		D7C521BF1D0846CF00DCBF04 /* Assets.xcassets in Resources */ = {isa = PBXBuildFile; fileRef = D7C521BE1D0846CF00DCBF04 /* Assets.xcassets */; };
		D7C521C21D0846CF00DCBF04 /* LaunchScreen.storyboard in Resources */ = {isa = PBXBuildFile; fileRef = D7C521C01D0846CF00DCBF04 /* LaunchScreen.storyboard */; };
		D7C521CA1D0848F600DCBF04 /* image.png in Resources */ = {isa = PBXBuildFile; fileRef = D7C521C91D0848F600DCBF04 /* image.png */; };
		D7FC13A81D098FBD0027AF3B /* StartVid.mp4 in Resources */ = {isa = PBXBuildFile; fileRef = D7FC13A71D098FBD0027AF3B /* StartVid.mp4 */; };
		D7FC13AC1D0999490027AF3B /* vid3.mp4 in Resources */ = {isa = PBXBuildFile; fileRef = D7FC13AB1D0999490027AF3B /* vid3.mp4 */; };
		D7FC13AE1D09A5560027AF3B /* PodFile in Resources */ = {isa = PBXBuildFile; fileRef = D7FC13AD1D09A5560027AF3B /* PodFile */; };
/* End PBXBuildFile section */

/* Begin PBXFileReference section */
		D71873A91D0A992D00953C64 /* Movie.m4v */ = {isa = PBXFileReference; lastKnownFileType = file; path = Movie.m4v; sourceTree = "<group>"; };
		D71873AA1D0A994200953C64 /* Movie.m4v */ = {isa = PBXFileReference; lastKnownFileType = file; path = Movie.m4v; sourceTree = "<group>"; };
		D7C521B41D0846CE00DCBF04 /* imageToVideo.app */ = {isa = PBXFileReference; explicitFileType = wrapper.application; includeInIndex = 0; path = imageToVideo.app; sourceTree = BUILT_PRODUCTS_DIR; };
		D7C521B71D0846CE00DCBF04 /* AppDelegate.swift */ = {isa = PBXFileReference; lastKnownFileType = sourcecode.swift; path = AppDelegate.swift; sourceTree = "<group>"; };
		D7C521B91D0846CE00DCBF04 /* ViewController.swift */ = {isa = PBXFileReference; lastKnownFileType = sourcecode.swift; path = ViewController.swift; sourceTree = "<group>"; };
		D7C521BC1D0846CE00DCBF04 /* Base */ = {isa = PBXFileReference; lastKnownFileType = file.storyboard; name = Base; path = Base.lproj/Main.storyboard; sourceTree = "<group>"; };
		D7C521BE1D0846CF00DCBF04 /* Assets.xcassets */ = {isa = PBXFileReference; lastKnownFileType = folder.assetcatalog; path = Assets.xcassets; sourceTree = "<group>"; };
		D7C521C11D0846CF00DCBF04 /* Base */ = {isa = PBXFileReference; lastKnownFileType = file.storyboard; name = Base; path = Base.lproj/LaunchScreen.storyboard; sourceTree = "<group>"; };
		D7C521C31D0846CF00DCBF04 /* Info.plist */ = {isa = PBXFileReference; lastKnownFileType = text.plist.xml; path = Info.plist; sourceTree = "<group>"; };
		D7C521C91D0848F600DCBF04 /* image.png */ = {isa = PBXFileReference; lastKnownFileType = image.png; path = image.png; sourceTree = "<group>"; };
		D7FC13A71D098FBD0027AF3B /* StartVid.mp4 */ = {isa = PBXFileReference; lastKnownFileType = file; path = StartVid.mp4; sourceTree = "<group>"; };
		D7FC13AA1D0998490027AF3B /* vid3.mp4 */ = {isa = PBXFileReference; lastKnownFileType = file; path = vid3.mp4; sourceTree = "<group>"; };
		D7FC13AB1D0999490027AF3B /* vid3.mp4 */ = {isa = PBXFileReference; lastKnownFileType = file; name = vid3.mp4; path = imageToVideo/vid3.mp4; sourceTree = "<group>"; };
		D7FC13AD1D09A5560027AF3B /* PodFile */ = {isa = PBXFileReference; fileEncoding = 4; lastKnownFileType = text; path = PodFile; sourceTree = "<group>"; };
/* End PBXFileReference section */

/* Begin PBXFrameworksBuildPhase section */
		D7C521B11D0846CE00DCBF04 /* Frameworks */ = {
			isa = PBXFrameworksBuildPhase;
			buildActionMask = 2147483647;
			files = (
			);
			runOnlyForDeploymentPostprocessing = 0;
		};
/* End PBXFrameworksBuildPhase section */

/* Begin PBXGroup section */
		D7C521AB1D0846CE00DCBF04 = {
			isa = PBXGroup;
			children = (
				D71873AA1D0A994200953C64 /* Movie.m4v */,
				D7FC13AD1D09A5560027AF3B /* PodFile */,
				D7FC13AB1D0999490027AF3B /* vid3.mp4 */,
				D71873A91D0A992D00953C64 /* Movie.m4v */,
				D7C521B61D0846CE00DCBF04 /* imageToVideo */,
				D7C521B51D0846CE00DCBF04 /* Products */,
			);
			sourceTree = "<group>";
		};
		D7C521B51D0846CE00DCBF04 /* Products */ = {
			isa = PBXGroup;
			children = (
				D7C521B41D0846CE00DCBF04 /* imageToVideo.app */,
			);
			name = Products;
			sourceTree = "<group>";
		};
		D7C521B61D0846CE00DCBF04 /* imageToVideo */ = {
			isa = PBXGroup;
			children = (
				D7FC13A71D098FBD0027AF3B /* StartVid.mp4 */,
				D7FC13AA1D0998490027AF3B /* vid3.mp4 */,
				D7C521C91D0848F600DCBF04 /* image.png */,
				D7C521B71D0846CE00DCBF04 /* AppDelegate.swift */,
				D7C521B91D0846CE00DCBF04 /* ViewController.swift */,
				D7C521BB1D0846CE00DCBF04 /* Main.storyboard */,
				D7C521BE1D0846CF00DCBF04 /* Assets.xcassets */,
				D7C521C01D0846CF00DCBF04 /* LaunchScreen.storyboard */,
				D7C521C31D0846CF00DCBF04 /* Info.plist */,
			);
			path = imageToVideo;
			sourceTree = "<group>";
		};
/* End PBXGroup section */

/* Begin PBXNativeTarget section */
		D7C521B31D0846CE00DCBF04 /* imageToVideo */ = {
			isa = PBXNativeTarget;
			buildConfigurationList = D7C521C61D0846CF00DCBF04 /* Build configuration list for PBXNativeTarget "imageToVideo" */;
			buildPhases = (
				D7C521B01D0846CE00DCBF04 /* Sources */,
				D7C521B11D0846CE00DCBF04 /* Frameworks */,
				D7C521B21D0846CE00DCBF04 /* Resources */,
			);
			buildRules = (
			);
			dependencies = (
			);
			name = imageToVideo;
			productName = imageToVideo;
			productReference = D7C521B41D0846CE00DCBF04 /* imageToVideo.app */;
			productType = "com.apple.product-type.application";
		};
/* End PBXNativeTarget section */

/* Begin PBXProject section */
		D7C521AC1D0846CE00DCBF04 /* Project object */ = {
			isa = PBXProject;
			attributes = {
				LastSwiftUpdateCheck = 0730;
				LastUpgradeCheck = 0730;
				ORGANIZATIONNAME = "Dhruv Singh";
				TargetAttributes = {
					D7C521B31D0846CE00DCBF04 = {
						CreatedOnToolsVersion = 7.3;
					};
				};
			};
			buildConfigurationList = D7C521AF1D0846CE00DCBF04 /* Build configuration list for PBXProject "imageToVideo" */;
			compatibilityVersion = "Xcode 3.2";
			developmentRegion = English;
			hasScannedForEncodings = 0;
			knownRegions = (
				en,
				Base,
			);
			mainGroup = D7C521AB1D0846CE00DCBF04;
			productRefGroup = D7C521B51D0846CE00DCBF04 /* Products */;
			projectDirPath = "";
			projectRoot = "";
			targets = (
				D7C521B31D0846CE00DCBF04 /* imageToVideo */,
			);
		};
/* End PBXProject section */

/* Begin PBXResourcesBuildPhase section */
		D7C521B21D0846CE00DCBF04 /* Resources */ = {
			isa = PBXResourcesBuildPhase;
			buildActionMask = 2147483647;
			files = (
				D71873AB1D0A994200953C64 /* Movie.m4v in Resources */,
				D7FC13AC1D0999490027AF3B /* vid3.mp4 in Resources */,
				D7C521C21D0846CF00DCBF04 /* LaunchScreen.storyboard in Resources */,
				D7C521BF1D0846CF00DCBF04 /* Assets.xcassets in Resources */,
				D7FC13AE1D09A5560027AF3B /* PodFile in Resources */,
				D7C521BD1D0846CE00DCBF04 /* Main.storyboard in Resources */,
				D7C521CA1D0848F600DCBF04 /* image.png in Resources */,
				D7FC13A81D098FBD0027AF3B /* StartVid.mp4 in Resources */,
			);
			runOnlyForDeploymentPostprocessing = 0;
		};
/* End PBXResourcesBuildPhase section */

/* Begin PBXSourcesBuildPhase section */
		D7C521B01D0846CE00DCBF04 /* Sources */ = {
			isa = PBXSourcesBuildPhase;
			buildActionMask = 2147483647;
			files = (
				D7C521BA1D0846CE00DCBF04 /* ViewController.swift in Sources */,
				D7C521B81D0846CE00DCBF04 /* AppDelegate.swift in Sources */,
			);
			runOnlyForDeploymentPostprocessing = 0;
		};
/* End PBXSourcesBuildPhase section */

/* Begin PBXVariantGroup section */
		D7C521BB1D0846CE00DCBF04 /* Main.storyboard */ = {
			isa = PBXVariantGroup;
			children = (
				D7C521BC1D0846CE00DCBF04 /* Base */,
			);
			name = Main.storyboard;
			sourceTree = "<group>";
		};
		D7C521C01D0846CF00DCBF04 /* LaunchScreen.storyboard */ = {
			isa = PBXVariantGroup;
			children = (
				D7C521C11D0846CF00DCBF04 /* Base */,
			);
			name = LaunchScreen.storyboard;
			sourceTree = "<group>";
		};
/* End PBXVariantGroup section */

/* Begin XCBuildConfiguration section */
		D7C521C41D0846CF00DCBF04 /* Debug */ = {
			isa = XCBuildConfiguration;
			buildSettings = {
				ALWAYS_SEARCH_USER_PATHS = NO;
				CLANG_ANALYZER_NONNULL = YES;
				CLANG_CXX_LANGUAGE_STANDARD = "gnu++0x";
				CLANG_CXX_LIBRARY = "libc++";
				CLANG_ENABLE_MODULES = YES;
				CLANG_ENABLE_OBJC_ARC = YES;
				CLANG_WARN_BOOL_CONVERSION = YES;
				CLANG_WARN_CONSTANT_CONVERSION = YES;
				CLANG_WARN_DIRECT_OBJC_ISA_USAGE = YES_ERROR;
				CLANG_WARN_EMPTY_BODY = YES;
				CLANG_WARN_ENUM_CONVERSION = YES;
				CLANG_WARN_INT_CONVERSION = YES;
				CLANG_WARN_OBJC_ROOT_CLASS = YES_ERROR;
				CLANG_WARN_UNREACHABLE_CODE = YES;
				CLANG_WARN__DUPLICATE_METHOD_MATCH = YES;
				"CODE_SIGN_IDENTITY[sdk=iphoneos*]" = "iPhone Developer";
				COPY_PHASE_STRIP = NO;
				DEBUG_INFORMATION_FORMAT = dwarf;
				ENABLE_STRICT_OBJC_MSGSEND = YES;
				ENABLE_TESTABILITY = YES;
				GCC_C_LANGUAGE_STANDARD = gnu99;
				GCC_DYNAMIC_NO_PIC = NO;
				GCC_NO_COMMON_BLOCKS = YES;
				GCC_OPTIMIZATION_LEVEL = 0;
				GCC_PREPROCESSOR_DEFINITIONS = (
					"DEBUG=1",
					"$(inherited)",
				);
				GCC_WARN_64_TO_32_BIT_CONVERSION = YES;
				GCC_WARN_ABOUT_RETURN_TYPE = YES_ERROR;
				GCC_WARN_UNDECLARED_SELECTOR = YES;
				GCC_WARN_UNINITIALIZED_AUTOS = YES_AGGRESSIVE;
				GCC_WARN_UNUSED_FUNCTION = YES;
				GCC_WARN_UNUSED_VARIABLE = YES;
				IPHONEOS_DEPLOYMENT_TARGET = 9.3;
				MTL_ENABLE_DEBUG_INFO = YES;
				ONLY_ACTIVE_ARCH = YES;
				SDKROOT = iphoneos;
				SWIFT_OPTIMIZATION_LEVEL = "-Onone";
			};
			name = Debug;
		};
		D7C521C51D0846CF00DCBF04 /* Release */ = {
			isa = XCBuildConfiguration;
			buildSettings = {
				ALWAYS_SEARCH_USER_PATHS = NO;
				CLANG_ANALYZER_NONNULL = YES;
				CLANG_CXX_LANGUAGE_STANDARD = "gnu++0x";
				CLANG_CXX_LIBRARY = "libc++";
				CLANG_ENABLE_MODULES = YES;
				CLANG_ENABLE_OBJC_ARC = YES;
				CLANG_WARN_BOOL_CONVERSION = YES;
				CLANG_WARN_CONSTANT_CONVERSION = YES;
				CLANG_WARN_DIRECT_OBJC_ISA_USAGE = YES_ERROR;
				CLANG_WARN_EMPTY_BODY = YES;
				CLANG_WARN_ENUM_CONVERSION = YES;
				CLANG_WARN_INT_CONVERSION = YES;
				CLANG_WARN_OBJC_ROOT_CLASS = YES_ERROR;
				CLANG_WARN_UNREACHABLE_CODE = YES;
				CLANG_WARN__DUPLICATE_METHOD_MATCH = YES;
				"CODE_SIGN_IDENTITY[sdk=iphoneos*]" = "iPhone Developer";
				COPY_PHASE_STRIP = NO;
				DEBUG_INFORMATION_FORMAT = "dwarf-with-dsym";
				ENABLE_NS_ASSERTIONS = NO;
				ENABLE_STRICT_OBJC_MSGSEND = YES;
				GCC_C_LANGUAGE_STANDARD = gnu99;
				GCC_NO_COMMON_BLOCKS = YES;
				GCC_WARN_64_TO_32_BIT_CONVERSION = YES;
				GCC_WARN_ABOUT_RETURN_TYPE = YES_ERROR;
				GCC_WARN_UNDECLARED_SELECTOR = YES;
				GCC_WARN_UNINITIALIZED_AUTOS = YES_AGGRESSIVE;
				GCC_WARN_UNUSED_FUNCTION = YES;
				GCC_WARN_UNUSED_VARIABLE = YES;
				IPHONEOS_DEPLOYMENT_TARGET = 9.3;
				MTL_ENABLE_DEBUG_INFO = NO;
				SDKROOT = iphoneos;
				VALIDATE_PRODUCT = YES;
			};
			name = Release;
		};
		D7C521C71D0846CF00DCBF04 /* Debug */ = {
			isa = XCBuildConfiguration;
			buildSettings = {
				ASSETCATALOG_COMPILER_APPICON_NAME = AppIcon;
				INFOPLIST_FILE = imageToVideo/Info.plist;
				LD_RUNPATH_SEARCH_PATHS = "$(inherited) @executable_path/Frameworks";
				PRODUCT_BUNDLE_IDENTIFIER = com.App.imageToVideo;
				PRODUCT_NAME = "$(TARGET_NAME)";
			};
			name = Debug;
		};
		D7C521C81D0846CF00DCBF04 /* Release */ = {
			isa = XCBuildConfiguration;
			buildSettings = {
				ASSETCATALOG_COMPILER_APPICON_NAME = AppIcon;
				INFOPLIST_FILE = imageToVideo/Info.plist;
				LD_RUNPATH_SEARCH_PATHS = "$(inherited) @executable_path/Frameworks";
				PRODUCT_BUNDLE_IDENTIFIER = com.App.imageToVideo;
				PRODUCT_NAME = "$(TARGET_NAME)";
			};
			name = Release;
		};
/* End XCBuildConfiguration section */

/* Begin XCConfigurationList section */
		D7C521AF1D0846CE00DCBF04 /* Build configuration list for PBXProject "imageToVideo" */ = {
			isa = XCConfigurationList;
			buildConfigurations = (
				D7C521C41D0846CF00DCBF04 /* Debug */,
				D7C521C51D0846CF00DCBF04 /* Release */,
			);
			defaultConfigurationIsVisible = 0;
			defaultConfigurationName = Release;
		};
		D7C521C61D0846CF00DCBF04 /* Build configuration list for PBXNativeTarget "imageToVideo" */ = {
			isa = XCConfigurationList;
			buildConfigurations = (
				D7C521C71D0846CF00DCBF04 /* Debug */,
				D7C521C81D0846CF00DCBF04 /* Release */,
			);
			defaultConfigurationIsVisible = 0;
			defaultConfigurationName = Release;
		};
/* End XCConfigurationList section */
	};
	rootObject = D7C521AC1D0846CE00DCBF04 /* Project object */;
}
